{
  "name": "norm-ddl-mysql",
  "version": "0.0.1",
  "lockfileVersion": 1,
  "requires": true,
  "dependencies": {
    "norm-ddl": {
      "version": "0.1.1",
      "resolved": "https://registry.npmjs.org/norm-ddl/-/norm-ddl-0.1.1.tgz",
      "integrity": "sha512-868URlpMq+5qGe0u+Ikp1s1KboOw/dX6tF6mXwDBOsqrQqP0BbzsoVm/+vDbhcCqfVHtgE61E5M8d1/jV4YTCw=="
    }
  }
}
